
Microsoft Visual Studio Solution File, Format Version 12.00
# Visual Studio 15
VisualStudioVersion = 15.0.27428.2037
MinimumVisualStudioVersion = 10.0.40219.1
Project("{FAE04EC0-301F-11D3-BF4B-00C04F79EFBC}") = "cSharp-2", "cSharp-2\cSharp-2.csproj", "{07A5A00D-D04C-4E32-AF6F-63694A841F8B}"
EndProject
Global
	GlobalSection(SolutionConfigurationPlatforms) = preSolution
		Debug|Any CPU = Debug|Any CPU
		Release|Any CPU = Release|Any CPU
	EndGlobalSection
	GlobalSection(ProjectConfigurationPlatforms) = postSolution
		{07A5A00D-D04C-4E32-AF6F-63694A841F8B}.Debug|Any CPU.ActiveCfg = Debug|Any CPU
		{07A5A00D-D04C-4E32-AF6F-63694A841F8B}.Debug|Any CPU.Build.0 = Debug|Any CPU
		{07A5A00D-D04C-4E32-AF6F-63694A841F8B}.Release|Any CPU.ActiveCfg = Release|Any CPU
		{07A5A00D-D04C-4E32-AF6F-63694A841F8B}.Release|Any CPU.Build.0 = Release|Any CPU
	EndGlobalSection
	GlobalSection(SolutionProperties) = preSolution
		HideSolutionNode = FALSE
	EndGlobalSection
	GlobalSection(ExtensibilityGlobals) = postSolution
		SolutionGuid = {B6969056-F6E8-4B90-A8C5-A0996775B4E4}
	EndGlobalSection
EndGlobal
